
Microsoft Visual Studio Solution File, Format Version 12.00
# Visual Studio Version 16
VisualStudioVersion = 16.0.31129.286
MinimumVisualStudioVersion = 10.0.40219.1
Project("{FAE04EC0-301F-11D3-BF4B-00C04F79EFBC}") = "ZSlime", "ZSlime.csproj", "{B62FD508-4CC6-46D4-921C-12FAAA2E7A85}"
EndProject
Global
	GlobalSection(SolutionConfigurationPlatforms) = preSolution
		Debug|Any CPU = Debug|Any CPU
		Release|Any CPU = Release|Any CPU
	EndGlobalSection
	GlobalSection(ProjectConfigurationPlatforms) = postSolution
		{B62FD508-4CC6-46D4-921C-12FAAA2E7A85}.Debug|Any CPU.ActiveCfg = Debug|Any CPU
		{B62FD508-4CC6-46D4-921C-12FAAA2E7A85}.Debug|Any CPU.Build.0 = Debug|Any CPU
		{B62FD508-4CC6-46D4-921C-12FAAA2E7A85}.Release|Any CPU.ActiveCfg = Release|Any CPU
		{B62FD508-4CC6-46D4-921C-12FAAA2E7A85}.Release|Any CPU.Build.0 = Release|Any CPU
	EndGlobalSection
	GlobalSection(SolutionProperties) = preSolution
		HideSolutionNode = FALSE
	EndGlobalSection
	GlobalSection(ExtensibilityGlobals) = postSolution
		SolutionGuid = {49FC9345-8A37-4097-9A15-5C0B110B839D}
	EndGlobalSection
EndGlobal
